
Microsoft Visual Studio Solution File, Format Version 12.00
# Visual Studio 15
VisualStudioVersion = 15.0.28307.421
MinimumVisualStudioVersion = 10.0.40219.1
Project("{FAE04EC0-301F-11D3-BF4B-00C04F79EFBC}") = "SolVoyager", "SolVoyager\SolVoyager.csproj", "{16C43C2F-28F1-45F7-96A3-EDEBD91615D5}"
EndProject
Project("{FAE04EC0-301F-11D3-BF4B-00C04F79EFBC}") = "CharacterDesign", "CharacterDesign\CharacterDesign.csproj", "{C93716D1-A212-4B48-8899-039335FC1544}"
EndProject
Project("{FAE04EC0-301F-11D3-BF4B-00C04F79EFBC}") = "Resources", "Resources\Resources.csproj", "{6A6D25C0-C839-45D8-AC5B-0B255FAB6B9A}"
EndProject
Project("{FAE04EC0-301F-11D3-BF4B-00C04F79EFBC}") = "PlanetsResources", "Planets\PlanetsResources.csproj", "{D8C288E5-6BB4-4F04-BFE0-8C2054732B3B}"
EndProject
Project("{FAE04EC0-301F-11D3-BF4B-00C04F79EFBC}") = "Warp", "Warp\Warp.csproj", "{78A46D46-8943-4065-B39F-F97C6995EF32}"
EndProject
Project("{FAE04EC0-301F-11D3-BF4B-00C04F79EFBC}") = "Currency", "Currency\Currency.csproj", "{BA3CD0F9-5EF4-4B54-9FF9-5131A3928013}"
EndProject
Project("{FAE04EC0-301F-11D3-BF4B-00C04F79EFBC}") = "Vessel", "Vessel\Vessel.csproj", "{A7ABF8AE-06AA-4971-8D19-A528F28AE3D5}"
EndProject
Project("{FAE04EC0-301F-11D3-BF4B-00C04F79EFBC}") = "OpeningTitlePage", "OpeningTitlePage\OpeningTitlePage.csproj", "{AE38EB8A-A7DF-4274-87FC-D596CCDE6B67}"
EndProject
Project("{FAE04EC0-301F-11D3-BF4B-00C04F79EFBC}") = "RandomEvents", "RandomEvents\RandomEvents.csproj", "{E4212367-EE29-4F7C-B388-4AC6EF023F50}"
EndProject
Project("{FAE04EC0-301F-11D3-BF4B-00C04F79EFBC}") = "Time", "Time\Time.csproj", "{F7EFA046-80E7-473B-BB15-F5DF0B67AC7C}"
EndProject
Project("{FAE04EC0-301F-11D3-BF4B-00C04F79EFBC}") = "Galaxy", "Galaxy\Galaxy.csproj", "{D10A60B0-1C6E-40E2-8A59-915E206D90C7}"
EndProject
Global
	GlobalSection(SolutionConfigurationPlatforms) = preSolution
		Debug|Any CPU = Debug|Any CPU
		Release|Any CPU = Release|Any CPU
	EndGlobalSection
	GlobalSection(ProjectConfigurationPlatforms) = postSolution
		{16C43C2F-28F1-45F7-96A3-EDEBD91615D5}.Debug|Any CPU.ActiveCfg = Debug|Any CPU
		{16C43C2F-28F1-45F7-96A3-EDEBD91615D5}.Debug|Any CPU.Build.0 = Debug|Any CPU
		{16C43C2F-28F1-45F7-96A3-EDEBD91615D5}.Release|Any CPU.ActiveCfg = Release|Any CPU
		{16C43C2F-28F1-45F7-96A3-EDEBD91615D5}.Release|Any CPU.Build.0 = Release|Any CPU
		{C93716D1-A212-4B48-8899-039335FC1544}.Debug|Any CPU.ActiveCfg = Debug|Any CPU
		{C93716D1-A212-4B48-8899-039335FC1544}.Debug|Any CPU.Build.0 = Debug|Any CPU
		{C93716D1-A212-4B48-8899-039335FC1544}.Release|Any CPU.ActiveCfg = Release|Any CPU
		{C93716D1-A212-4B48-8899-039335FC1544}.Release|Any CPU.Build.0 = Release|Any CPU
		{6A6D25C0-C839-45D8-AC5B-0B255FAB6B9A}.Debug|Any CPU.ActiveCfg = Debug|Any CPU
		{6A6D25C0-C839-45D8-AC5B-0B255FAB6B9A}.Debug|Any CPU.Build.0 = Debug|Any CPU
		{6A6D25C0-C839-45D8-AC5B-0B255FAB6B9A}.Release|Any CPU.ActiveCfg = Release|Any CPU
		{6A6D25C0-C839-45D8-AC5B-0B255FAB6B9A}.Release|Any CPU.Build.0 = Release|Any CPU
		{D8C288E5-6BB4-4F04-BFE0-8C2054732B3B}.Debug|Any CPU.ActiveCfg = Debug|Any CPU
		{D8C288E5-6BB4-4F04-BFE0-8C2054732B3B}.Debug|Any CPU.Build.0 = Debug|Any CPU
		{D8C288E5-6BB4-4F04-BFE0-8C2054732B3B}.Release|Any CPU.ActiveCfg = Release|Any CPU
		{D8C288E5-6BB4-4F04-BFE0-8C2054732B3B}.Release|Any CPU.Build.0 = Release|Any CPU
		{78A46D46-8943-4065-B39F-F97C6995EF32}.Debug|Any CPU.ActiveCfg = Debug|Any CPU
		{78A46D46-8943-4065-B39F-F97C6995EF32}.Debug|Any CPU.Build.0 = Debug|Any CPU
		{78A46D46-8943-4065-B39F-F97C6995EF32}.Release|Any CPU.ActiveCfg = Release|Any CPU
		{78A46D46-8943-4065-B39F-F97C6995EF32}.Release|Any CPU.Build.0 = Release|Any CPU
		{BA3CD0F9-5EF4-4B54-9FF9-5131A3928013}.Debug|Any CPU.ActiveCfg = Debug|Any CPU
		{BA3CD0F9-5EF4-4B54-9FF9-5131A3928013}.Debug|Any CPU.Build.0 = Debug|Any CPU
		{BA3CD0F9-5EF4-4B54-9FF9-5131A3928013}.Release|Any CPU.ActiveCfg = Release|Any CPU
		{BA3CD0F9-5EF4-4B54-9FF9-5131A3928013}.Release|Any CPU.Build.0 = Release|Any CPU
		{A7ABF8AE-06AA-4971-8D19-A528F28AE3D5}.Debug|Any CPU.ActiveCfg = Debug|Any CPU
		{A7ABF8AE-06AA-4971-8D19-A528F28AE3D5}.Debug|Any CPU.Build.0 = Debug|Any CPU
		{A7ABF8AE-06AA-4971-8D19-A528F28AE3D5}.Release|Any CPU.ActiveCfg = Release|Any CPU
		{A7ABF8AE-06AA-4971-8D19-A528F28AE3D5}.Release|Any CPU.Build.0 = Release|Any CPU
		{AE38EB8A-A7DF-4274-87FC-D596CCDE6B67}.Debug|Any CPU.ActiveCfg = Debug|Any CPU
		{AE38EB8A-A7DF-4274-87FC-D596CCDE6B67}.Debug|Any CPU.Build.0 = Debug|Any CPU
		{AE38EB8A-A7DF-4274-87FC-D596CCDE6B67}.Release|Any CPU.ActiveCfg = Release|Any CPU
		{AE38EB8A-A7DF-4274-87FC-D596CCDE6B67}.Release|Any CPU.Build.0 = Release|Any CPU
		{E4212367-EE29-4F7C-B388-4AC6EF023F50}.Debug|Any CPU.ActiveCfg = Debug|Any CPU
		{E4212367-EE29-4F7C-B388-4AC6EF023F50}.Debug|Any CPU.Build.0 = Debug|Any CPU
		{E4212367-EE29-4F7C-B388-4AC6EF023F50}.Release|Any CPU.ActiveCfg = Release|Any CPU
		{E4212367-EE29-4F7C-B388-4AC6EF023F50}.Release|Any CPU.Build.0 = Release|Any CPU
		{F7EFA046-80E7-473B-BB15-F5DF0B67AC7C}.Debug|Any CPU.ActiveCfg = Debug|Any CPU
		{F7EFA046-80E7-473B-BB15-F5DF0B67AC7C}.Debug|Any CPU.Build.0 = Debug|Any CPU
		{F7EFA046-80E7-473B-BB15-F5DF0B67AC7C}.Release|Any CPU.ActiveCfg = Release|Any CPU
		{F7EFA046-80E7-473B-BB15-F5DF0B67AC7C}.Release|Any CPU.Build.0 = Release|Any CPU
		{D10A60B0-1C6E-40E2-8A59-915E206D90C7}.Debug|Any CPU.ActiveCfg = Debug|Any CPU
		{D10A60B0-1C6E-40E2-8A59-915E206D90C7}.Debug|Any CPU.Build.0 = Debug|Any CPU
		{D10A60B0-1C6E-40E2-8A59-915E206D90C7}.Release|Any CPU.ActiveCfg = Release|Any CPU
		{D10A60B0-1C6E-40E2-8A59-915E206D90C7}.Release|Any CPU.Build.0 = Release|Any CPU
	EndGlobalSection
	GlobalSection(SolutionProperties) = preSolution
		HideSolutionNode = FALSE
	EndGlobalSection
	GlobalSection(ExtensibilityGlobals) = postSolution
		SolutionGuid = {683144AD-6FB0-42A4-98E4-3D4ED8103CBF}
	EndGlobalSection
EndGlobal
